
Microsoft Visual Studio Solution File, Format Version 12.00
# Visual Studio Version 17
VisualStudioVersion = 17.13.35913.81 d17.13
MinimumVisualStudioVersion = 10.0.40219.1
Project("{F184B08F-C81C-45F6-A57F-5ABD9991F28F}") = "mqtt-handler-config-util", "mqtt-handler-config-util.vbproj", "{1A47DFCD-E61C-4B79-BD5D-BAF4D10CBAAF}"
EndProject
Global
	GlobalSection(SolutionConfigurationPlatforms) = preSolution
		Debug|Any CPU = Debug|Any CPU
		Release|Any CPU = Release|Any CPU
	EndGlobalSection
	GlobalSection(ProjectConfigurationPlatforms) = postSolution
		{1A47DFCD-E61C-4B79-BD5D-BAF4D10CBAAF}.Debug|Any CPU.ActiveCfg = Debug|Any CPU
		{1A47DFCD-E61C-4B79-BD5D-BAF4D10CBAAF}.Debug|Any CPU.Build.0 = Debug|Any CPU
		{1A47DFCD-E61C-4B79-BD5D-BAF4D10CBAAF}.Release|Any CPU.ActiveCfg = Release|Any CPU
		{1A47DFCD-E61C-4B79-BD5D-BAF4D10CBAAF}.Release|Any CPU.Build.0 = Release|Any CPU
	EndGlobalSection
	GlobalSection(SolutionProperties) = preSolution
		HideSolutionNode = FALSE
	EndGlobalSection
	GlobalSection(ExtensibilityGlobals) = postSolution
		SolutionGuid = {EDE607E8-7503-41D1-9B92-39DE79C597A8}
	EndGlobalSection
EndGlobal
